
Microsoft Visual Studio Solution File, Format Version 12.00
# Visual Studio Version 17
VisualStudioVersion = 17.14.36414.22 d17.14
MinimumVisualStudioVersion = 10.0.40219.1
Project("{FAE04EC0-301F-11D3-BF4B-00C04F79EFBC}") = "ModulesPR5", "ModulesPR5\ModulesPR5.csproj", "{F77349DE-2096-44F8-A7E6-057E26B88489}"
EndProject
Project("{FAE04EC0-301F-11D3-BF4B-00C04F79EFBC}") = "HashPasswords", "HashPasswords\HashPasswords.csproj", "{29FFE8AD-EA1A-4A5D-9010-CD600E355B87}"
EndProject
Global
	GlobalSection(SolutionConfigurationPlatforms) = preSolution
		Debug|Any CPU = Debug|Any CPU
		Release|Any CPU = Release|Any CPU
	EndGlobalSection
	GlobalSection(ProjectConfigurationPlatforms) = postSolution
		{F77349DE-2096-44F8-A7E6-057E26B88489}.Debug|Any CPU.ActiveCfg = Debug|Any CPU
		{F77349DE-2096-44F8-A7E6-057E26B88489}.Debug|Any CPU.Build.0 = Debug|Any CPU
		{F77349DE-2096-44F8-A7E6-057E26B88489}.Release|Any CPU.ActiveCfg = Release|Any CPU
		{F77349DE-2096-44F8-A7E6-057E26B88489}.Release|Any CPU.Build.0 = Release|Any CPU
		{29FFE8AD-EA1A-4A5D-9010-CD600E355B87}.Debug|Any CPU.ActiveCfg = Debug|Any CPU
		{29FFE8AD-EA1A-4A5D-9010-CD600E355B87}.Debug|Any CPU.Build.0 = Debug|Any CPU
		{29FFE8AD-EA1A-4A5D-9010-CD600E355B87}.Release|Any CPU.ActiveCfg = Release|Any CPU
		{29FFE8AD-EA1A-4A5D-9010-CD600E355B87}.Release|Any CPU.Build.0 = Release|Any CPU
	EndGlobalSection
	GlobalSection(SolutionProperties) = preSolution
		HideSolutionNode = FALSE
	EndGlobalSection
	GlobalSection(ExtensibilityGlobals) = postSolution
		SolutionGuid = {1D580985-5545-4F39-A8E8-EDAF918F78BA}
	EndGlobalSection
EndGlobal
